
Microsoft Visual Studio Solution File, Format Version 12.00
# Visual Studio Version 17
VisualStudioVersion = 17.9.34728.123
MinimumVisualStudioVersion = 10.0.40219.1
Project("{FAE04EC0-301F-11D3-BF4B-00C04F79EFBC}") = "Your_order_please", "Your_order_please\Your_order_please.csproj", "{62163050-7A4B-4E96-B75E-85E160A3EFCD}"
EndProject
Global
	GlobalSection(SolutionConfigurationPlatforms) = preSolution
		Debug|Any CPU = Debug|Any CPU
		Release|Any CPU = Release|Any CPU
	EndGlobalSection
	GlobalSection(ProjectConfigurationPlatforms) = postSolution
		{62163050-7A4B-4E96-B75E-85E160A3EFCD}.Debug|Any CPU.ActiveCfg = Debug|Any CPU
		{62163050-7A4B-4E96-B75E-85E160A3EFCD}.Debug|Any CPU.Build.0 = Debug|Any CPU
		{62163050-7A4B-4E96-B75E-85E160A3EFCD}.Release|Any CPU.ActiveCfg = Release|Any CPU
		{62163050-7A4B-4E96-B75E-85E160A3EFCD}.Release|Any CPU.Build.0 = Release|Any CPU
	EndGlobalSection
	GlobalSection(SolutionProperties) = preSolution
		HideSolutionNode = FALSE
	EndGlobalSection
	GlobalSection(ExtensibilityGlobals) = postSolution
		SolutionGuid = {4EEBDBBC-0DDF-4AB7-A234-47B6049656A4}
	EndGlobalSection
EndGlobal
