
Microsoft Visual Studio Solution File, Format Version 12.00
# Visual Studio Version 17
VisualStudioVersion = 17.3.32922.545
MinimumVisualStudioVersion = 10.0.40219.1
Project("{FAE04EC0-301F-11D3-BF4B-00C04F79EFBC}") = "Sum_of_Digits_Digital_Root", "Sum_of_Digits_Digital_Root.csproj", "{9ED65071-CBF0-4DAD-B201-CF8ACFCFCE51}"
EndProject
Global
	GlobalSection(SolutionConfigurationPlatforms) = preSolution
		Debug|Any CPU = Debug|Any CPU
		Release|Any CPU = Release|Any CPU
	EndGlobalSection
	GlobalSection(ProjectConfigurationPlatforms) = postSolution
		{9ED65071-CBF0-4DAD-B201-CF8ACFCFCE51}.Debug|Any CPU.ActiveCfg = Debug|Any CPU
		{9ED65071-CBF0-4DAD-B201-CF8ACFCFCE51}.Debug|Any CPU.Build.0 = Debug|Any CPU
		{9ED65071-CBF0-4DAD-B201-CF8ACFCFCE51}.Release|Any CPU.ActiveCfg = Release|Any CPU
		{9ED65071-CBF0-4DAD-B201-CF8ACFCFCE51}.Release|Any CPU.Build.0 = Release|Any CPU
	EndGlobalSection
	GlobalSection(SolutionProperties) = preSolution
		HideSolutionNode = FALSE
	EndGlobalSection
	GlobalSection(ExtensibilityGlobals) = postSolution
		SolutionGuid = {7B993F23-D6A3-4CC2-9D73-654FF977EFE7}
	EndGlobalSection
EndGlobal
