
Microsoft Visual Studio Solution File, Format Version 12.00
# Visual Studio Version 16
VisualStudioVersion = 16.0.31129.286
MinimumVisualStudioVersion = 10.0.40219.1
Project("{FAE04EC0-301F-11D3-BF4B-00C04F79EFBC}") = "Return_Negative", "Return_Negative\Return_Negative.csproj", "{620A4ADC-B0B1-41EB-8694-7A2BBEE9F09B}"
EndProject
Global
	GlobalSection(SolutionConfigurationPlatforms) = preSolution
		Debug|Any CPU = Debug|Any CPU
		Release|Any CPU = Release|Any CPU
	EndGlobalSection
	GlobalSection(ProjectConfigurationPlatforms) = postSolution
		{620A4ADC-B0B1-41EB-8694-7A2BBEE9F09B}.Debug|Any CPU.ActiveCfg = Debug|Any CPU
		{620A4ADC-B0B1-41EB-8694-7A2BBEE9F09B}.Debug|Any CPU.Build.0 = Debug|Any CPU
		{620A4ADC-B0B1-41EB-8694-7A2BBEE9F09B}.Release|Any CPU.ActiveCfg = Release|Any CPU
		{620A4ADC-B0B1-41EB-8694-7A2BBEE9F09B}.Release|Any CPU.Build.0 = Release|Any CPU
	EndGlobalSection
	GlobalSection(SolutionProperties) = preSolution
		HideSolutionNode = FALSE
	EndGlobalSection
	GlobalSection(ExtensibilityGlobals) = postSolution
		SolutionGuid = {8BAD8B51-D5AD-4D2C-AD3A-C040B199000A}
	EndGlobalSection
EndGlobal
