
Microsoft Visual Studio Solution File, Format Version 12.00
# Visual Studio Version 16
VisualStudioVersion = 16.0.31129.286
MinimumVisualStudioVersion = 10.0.40219.1
Project("{FAE04EC0-301F-11D3-BF4B-00C04F79EFBC}") = "I_am_all_alone", "I_am_all_alone\I_am_all_alone.csproj", "{F8600E88-E549-46A2-B46B-A859E8C97292}"
EndProject
Global
	GlobalSection(SolutionConfigurationPlatforms) = preSolution
		Debug|Any CPU = Debug|Any CPU
		Release|Any CPU = Release|Any CPU
	EndGlobalSection
	GlobalSection(ProjectConfigurationPlatforms) = postSolution
		{F8600E88-E549-46A2-B46B-A859E8C97292}.Debug|Any CPU.ActiveCfg = Debug|Any CPU
		{F8600E88-E549-46A2-B46B-A859E8C97292}.Debug|Any CPU.Build.0 = Debug|Any CPU
		{F8600E88-E549-46A2-B46B-A859E8C97292}.Release|Any CPU.ActiveCfg = Release|Any CPU
		{F8600E88-E549-46A2-B46B-A859E8C97292}.Release|Any CPU.Build.0 = Release|Any CPU
	EndGlobalSection
	GlobalSection(SolutionProperties) = preSolution
		HideSolutionNode = FALSE
	EndGlobalSection
	GlobalSection(ExtensibilityGlobals) = postSolution
		SolutionGuid = {A358768F-9B3B-4DA3-BA2A-DF9D57EADD7F}
	EndGlobalSection
EndGlobal
