
Microsoft Visual Studio Solution File, Format Version 12.00
# Visual Studio Version 17
VisualStudioVersion = 17.3.32922.545
MinimumVisualStudioVersion = 10.0.40219.1
Project("{FAE04EC0-301F-11D3-BF4B-00C04F79EFBC}") = "RGB_To_Hex_Conversion", "RGB_To_Hex_Conversion.csproj", "{16A6767C-D75B-4509-878E-5E243B4F6BC1}"
EndProject
Global
	GlobalSection(SolutionConfigurationPlatforms) = preSolution
		Debug|Any CPU = Debug|Any CPU
		Release|Any CPU = Release|Any CPU
	EndGlobalSection
	GlobalSection(ProjectConfigurationPlatforms) = postSolution
		{16A6767C-D75B-4509-878E-5E243B4F6BC1}.Debug|Any CPU.ActiveCfg = Debug|Any CPU
		{16A6767C-D75B-4509-878E-5E243B4F6BC1}.Debug|Any CPU.Build.0 = Debug|Any CPU
		{16A6767C-D75B-4509-878E-5E243B4F6BC1}.Release|Any CPU.ActiveCfg = Release|Any CPU
		{16A6767C-D75B-4509-878E-5E243B4F6BC1}.Release|Any CPU.Build.0 = Release|Any CPU
	EndGlobalSection
	GlobalSection(SolutionProperties) = preSolution
		HideSolutionNode = FALSE
	EndGlobalSection
	GlobalSection(ExtensibilityGlobals) = postSolution
		SolutionGuid = {5A89CBA4-F883-47F2-A050-BE42B9898BBF}
	EndGlobalSection
EndGlobal
