
Microsoft Visual Studio Solution File, Format Version 12.00
# Visual Studio Version 17
VisualStudioVersion = 17.3.32922.545
MinimumVisualStudioVersion = 10.0.40219.1
Project("{FAE04EC0-301F-11D3-BF4B-00C04F79EFBC}") = "Chasers_schedule", "Chasers_schedule.csproj", "{6594308A-916B-49CC-B083-9AADFD36A72C}"
EndProject
Global
	GlobalSection(SolutionConfigurationPlatforms) = preSolution
		Debug|Any CPU = Debug|Any CPU
		Release|Any CPU = Release|Any CPU
	EndGlobalSection
	GlobalSection(ProjectConfigurationPlatforms) = postSolution
		{6594308A-916B-49CC-B083-9AADFD36A72C}.Debug|Any CPU.ActiveCfg = Debug|Any CPU
		{6594308A-916B-49CC-B083-9AADFD36A72C}.Debug|Any CPU.Build.0 = Debug|Any CPU
		{6594308A-916B-49CC-B083-9AADFD36A72C}.Release|Any CPU.ActiveCfg = Release|Any CPU
		{6594308A-916B-49CC-B083-9AADFD36A72C}.Release|Any CPU.Build.0 = Release|Any CPU
	EndGlobalSection
	GlobalSection(SolutionProperties) = preSolution
		HideSolutionNode = FALSE
	EndGlobalSection
	GlobalSection(ExtensibilityGlobals) = postSolution
		SolutionGuid = {CEE82B3C-2629-4D8F-A487-AF8EBF52A044}
	EndGlobalSection
EndGlobal
