
Microsoft Visual Studio Solution File, Format Version 12.00
# Visual Studio Version 16
VisualStudioVersion = 16.0.31129.286
MinimumVisualStudioVersion = 10.0.40219.1
Project("{FAE04EC0-301F-11D3-BF4B-00C04F79EFBC}") = "Simple_beads_count", "Simple_beads_count\Simple_beads_count.csproj", "{4FBD4BB3-7004-472C-BF32-AD7641A84B34}"
EndProject
Global
	GlobalSection(SolutionConfigurationPlatforms) = preSolution
		Debug|Any CPU = Debug|Any CPU
		Release|Any CPU = Release|Any CPU
	EndGlobalSection
	GlobalSection(ProjectConfigurationPlatforms) = postSolution
		{4FBD4BB3-7004-472C-BF32-AD7641A84B34}.Debug|Any CPU.ActiveCfg = Debug|Any CPU
		{4FBD4BB3-7004-472C-BF32-AD7641A84B34}.Debug|Any CPU.Build.0 = Debug|Any CPU
		{4FBD4BB3-7004-472C-BF32-AD7641A84B34}.Release|Any CPU.ActiveCfg = Release|Any CPU
		{4FBD4BB3-7004-472C-BF32-AD7641A84B34}.Release|Any CPU.Build.0 = Release|Any CPU
	EndGlobalSection
	GlobalSection(SolutionProperties) = preSolution
		HideSolutionNode = FALSE
	EndGlobalSection
	GlobalSection(ExtensibilityGlobals) = postSolution
		SolutionGuid = {279C4BE6-62C1-48F6-A6B6-A1C09B06C94D}
	EndGlobalSection
EndGlobal
